
Microsoft Visual Studio Solution File, Format Version 12.00
# Visual Studio Version 17
VisualStudioVersion = 17.14.36212.18
MinimumVisualStudioVersion = 10.0.40219.1
Project("{FAE04EC0-301F-11D3-BF4B-00C04F79EFBC}") = "UriHelper", "UriHelper\UriHelper.csproj", "{4D7628C7-B1D0-4073-86A6-7F1C9490454B}"
EndProject
Project("{FAE04EC0-301F-11D3-BF4B-00C04F79EFBC}") = "UriHelper.Tests", "UriHelper.Tests\UriHelper.Tests.csproj", "{AA971B43-ED58-4A23-AF84-9AF611266F6B}"
EndProject
Project("{FAE04EC0-301F-11D3-BF4B-00C04F79EFBC}") = "UriHelper.Benchmarks", "UriHelper.Benchmarks\UriHelper.Benchmarks.csproj", "{CFD84CD7-9A33-4C09-BE2A-E40ECEDDE360}"
EndProject
Global
	GlobalSection(SolutionConfigurationPlatforms) = preSolution
		Debug|Any CPU = Debug|Any CPU
		Release|Any CPU = Release|Any CPU
	EndGlobalSection
	GlobalSection(ProjectConfigurationPlatforms) = postSolution
		{4D7628C7-B1D0-4073-86A6-7F1C9490454B}.Debug|Any CPU.ActiveCfg = Debug|Any CPU
		{4D7628C7-B1D0-4073-86A6-7F1C9490454B}.Debug|Any CPU.Build.0 = Debug|Any CPU
		{4D7628C7-B1D0-4073-86A6-7F1C9490454B}.Release|Any CPU.ActiveCfg = Release|Any CPU
		{4D7628C7-B1D0-4073-86A6-7F1C9490454B}.Release|Any CPU.Build.0 = Release|Any CPU
		{AA971B43-ED58-4A23-AF84-9AF611266F6B}.Debug|Any CPU.ActiveCfg = Debug|Any CPU
		{AA971B43-ED58-4A23-AF84-9AF611266F6B}.Debug|Any CPU.Build.0 = Debug|Any CPU
		{AA971B43-ED58-4A23-AF84-9AF611266F6B}.Release|Any CPU.ActiveCfg = Release|Any CPU
		{AA971B43-ED58-4A23-AF84-9AF611266F6B}.Release|Any CPU.Build.0 = Release|Any CPU
		{CFD84CD7-9A33-4C09-BE2A-E40ECEDDE360}.Debug|Any CPU.ActiveCfg = Debug|Any CPU
		{CFD84CD7-9A33-4C09-BE2A-E40ECEDDE360}.Debug|Any CPU.Build.0 = Debug|Any CPU
		{CFD84CD7-9A33-4C09-BE2A-E40ECEDDE360}.Release|Any CPU.ActiveCfg = Release|Any CPU
		{CFD84CD7-9A33-4C09-BE2A-E40ECEDDE360}.Release|Any CPU.Build.0 = Release|Any CPU
	EndGlobalSection
	GlobalSection(SolutionProperties) = preSolution
		HideSolutionNode = FALSE
	EndGlobalSection
	GlobalSection(ExtensibilityGlobals) = postSolution
		SolutionGuid = {1F7D6728-B730-4A28-8FE1-49E13E6FD8DC}
	EndGlobalSection
EndGlobal
